// !$*UTF8*$!
{
	archiveVersion = 1;
	classes = {
	};
	objectVersion = 50;
	objects = {

/* Begin PBXBuildFile section */
		03D447C022F205CA00F820C9 /* AppDelegate.swift in Sources */ = {isa = PBXBuildFile; fileRef = 03D447BF22F205CA00F820C9 /* AppDelegate.swift */; };
		03D447C222F205CA00F820C9 /* PatientListViewController.swift in Sources */ = {isa = PBXBuildFile; fileRef = 03D447C122F205CA00F820C9 /* PatientListViewController.swift */; };
		03D447C822F205CA00F820C9 /* patient_info.xcdatamodeld in Sources */ = {isa = PBXBuildFile; fileRef = 03D447C622F205CA00F820C9 /* patient_info.xcdatamodeld */; };
		03D447CA22F205CD00F820C9 /* Assets.xcassets in Resources */ = {isa = PBXBuildFile; fileRef = 03D447C922F205CD00F820C9 /* Assets.xcassets */; };
		03D447CD22F205CD00F820C9 /* LaunchScreen.storyboard in Resources */ = {isa = PBXBuildFile; fileRef = 03D447CB22F205CD00F820C9 /* LaunchScreen.storyboard */; };
		03D447D822F205CD00F820C9 /* patient_infoTests.swift in Sources */ = {isa = PBXBuildFile; fileRef = 03D447D722F205CD00F820C9 /* patient_infoTests.swift */; };
		03D447E322F205CD00F820C9 /* patient_infoUITests.swift in Sources */ = {isa = PBXBuildFile; fileRef = 03D447E222F205CD00F820C9 /* patient_infoUITests.swift */; };
		03D447F422F2083000F820C9 /* network.swift in Sources */ = {isa = PBXBuildFile; fileRef = 03D447F322F2083000F820C9 /* network.swift */; };
		03D447F722F20F6000F820C9 /* dataProvider.swift in Sources */ = {isa = PBXBuildFile; fileRef = 03D447F622F20F6000F820C9 /* dataProvider.swift */; };
		03D4480222F2168500F820C9 /* Patient+CoreDataClass.swift in Sources */ = {isa = PBXBuildFile; fileRef = 03D4480022F2168500F820C9 /* Patient+CoreDataClass.swift */; };
		03D4480322F2168500F820C9 /* Patient+CoreDataProperties.swift in Sources */ = {isa = PBXBuildFile; fileRef = 03D4480122F2168500F820C9 /* Patient+CoreDataProperties.swift */; };
		03D4480422F21CBD00F820C9 /* Info.plist in Resources */ = {isa = PBXBuildFile; fileRef = 03D447D922F205CD00F820C9 /* Info.plist */; };
		03D4480522F21CF200F820C9 /* Info.plist in Resources */ = {isa = PBXBuildFile; fileRef = 03D447CE22F205CD00F820C9 /* Info.plist */; };
		03D4480A22F2362300F820C9 /* PatientCell.swift in Sources */ = {isa = PBXBuildFile; fileRef = 03D4480922F2362300F820C9 /* PatientCell.swift */; };
		03D4480D22F2377300F820C9 /* Uiview+extension.swift in Sources */ = {isa = PBXBuildFile; fileRef = 03D4480C22F2377300F820C9 /* Uiview+extension.swift */; };
/* End PBXBuildFile section */

/* Begin PBXContainerItemProxy section */
		03D447D422F205CD00F820C9 /* PBXContainerItemProxy */ = {
			isa = PBXContainerItemProxy;
			containerPortal = 03D447B422F205CA00F820C9 /* Project object */;
			proxyType = 1;
			remoteGlobalIDString = 03D447BB22F205CA00F820C9;
			remoteInfo = "patient info";
		};
		03D447DF22F205CD00F820C9 /* PBXContainerItemProxy */ = {
			isa = PBXContainerItemProxy;
			containerPortal = 03D447B422F205CA00F820C9 /* Project object */;
			proxyType = 1;
			remoteGlobalIDString = 03D447BB22F205CA00F820C9;
			remoteInfo = "patient info";
		};
/* End PBXContainerItemProxy section */

/* Begin PBXFileReference section */
		03D447BC22F205CA00F820C9 /* patient info.app */ = {isa = PBXFileReference; explicitFileType = wrapper.application; includeInIndex = 0; path = "patient info.app"; sourceTree = BUILT_PRODUCTS_DIR; };
		03D447BF22F205CA00F820C9 /* AppDelegate.swift */ = {isa = PBXFileReference; lastKnownFileType = sourcecode.swift; path = AppDelegate.swift; sourceTree = "<group>"; };
		03D447C122F205CA00F820C9 /* PatientListViewController.swift */ = {isa = PBXFileReference; lastKnownFileType = sourcecode.swift; path = PatientListViewController.swift; sourceTree = "<group>"; };
		03D447C722F205CA00F820C9 /* patient_info.xcdatamodel */ = {isa = PBXFileReference; lastKnownFileType = wrapper.xcdatamodel; path = patient_info.xcdatamodel; sourceTree = "<group>"; };
		03D447C922F205CD00F820C9 /* Assets.xcassets */ = {isa = PBXFileReference; lastKnownFileType = folder.assetcatalog; path = Assets.xcassets; sourceTree = "<group>"; };
		03D447CC22F205CD00F820C9 /* Base */ = {isa = PBXFileReference; lastKnownFileType = file.storyboard; name = Base; path = Base.lproj/LaunchScreen.storyboard; sourceTree = "<group>"; };
		03D447CE22F205CD00F820C9 /* Info.plist */ = {isa = PBXFileReference; lastKnownFileType = text.plist.xml; path = Info.plist; sourceTree = "<group>"; };
		03D447D322F205CD00F820C9 /* patient infoTests.xctest */ = {isa = PBXFileReference; explicitFileType = wrapper.cfbundle; includeInIndex = 0; path = "patient infoTests.xctest"; sourceTree = BUILT_PRODUCTS_DIR; };
		03D447D722F205CD00F820C9 /* patient_infoTests.swift */ = {isa = PBXFileReference; lastKnownFileType = sourcecode.swift; path = patient_infoTests.swift; sourceTree = "<group>"; };
		03D447D922F205CD00F820C9 /* Info.plist */ = {isa = PBXFileReference; lastKnownFileType = text.plist.xml; path = Info.plist; sourceTree = "<group>"; };
		03D447DE22F205CD00F820C9 /* patient infoUITests.xctest */ = {isa = PBXFileReference; explicitFileType = wrapper.cfbundle; includeInIndex = 0; path = "patient infoUITests.xctest"; sourceTree = BUILT_PRODUCTS_DIR; };
		03D447E222F205CD00F820C9 /* patient_infoUITests.swift */ = {isa = PBXFileReference; lastKnownFileType = sourcecode.swift; path = patient_infoUITests.swift; sourceTree = "<group>"; };
		03D447E422F205CE00F820C9 /* Info.plist */ = {isa = PBXFileReference; lastKnownFileType = text.plist.xml; path = Info.plist; sourceTree = "<group>"; };
		03D447F322F2083000F820C9 /* network.swift */ = {isa = PBXFileReference; lastKnownFileType = sourcecode.swift; path = network.swift; sourceTree = "<group>"; };
		03D447F622F20F6000F820C9 /* dataProvider.swift */ = {isa = PBXFileReference; lastKnownFileType = sourcecode.swift; path = dataProvider.swift; sourceTree = "<group>"; };
		03D4480022F2168500F820C9 /* Patient+CoreDataClass.swift */ = {isa = PBXFileReference; lastKnownFileType = sourcecode.swift; path = "Patient+CoreDataClass.swift"; sourceTree = "<group>"; };
		03D4480122F2168500F820C9 /* Patient+CoreDataProperties.swift */ = {isa = PBXFileReference; lastKnownFileType = sourcecode.swift; path = "Patient+CoreDataProperties.swift"; sourceTree = "<group>"; };
		03D4480922F2362300F820C9 /* PatientCell.swift */ = {isa = PBXFileReference; lastKnownFileType = sourcecode.swift; path = PatientCell.swift; sourceTree = "<group>"; };
		03D4480C22F2377300F820C9 /* Uiview+extension.swift */ = {isa = PBXFileReference; lastKnownFileType = sourcecode.swift; path = "Uiview+extension.swift"; sourceTree = "<group>"; };
/* End PBXFileReference section */

/* Begin PBXFrameworksBuildPhase section */
		03D447B922F205CA00F820C9 /* Frameworks */ = {
			isa = PBXFrameworksBuildPhase;
			buildActionMask = 2147483647;
			files = (
			);
			runOnlyForDeploymentPostprocessing = 0;
		};
		03D447D022F205CD00F820C9 /* Frameworks */ = {
			isa = PBXFrameworksBuildPhase;
			buildActionMask = 2147483647;
			files = (
			);
			runOnlyForDeploymentPostprocessing = 0;
		};
		03D447DB22F205CD00F820C9 /* Frameworks */ = {
			isa = PBXFrameworksBuildPhase;
			buildActionMask = 2147483647;
			files = (
			);
			runOnlyForDeploymentPostprocessing = 0;
		};
/* End PBXFrameworksBuildPhase section */

/* Begin PBXGroup section */
		03D447B322F205CA00F820C9 = {
			isa = PBXGroup;
			children = (
				03D447BE22F205CA00F820C9 /* patient info */,
				03D447D622F205CD00F820C9 /* patient infoTests */,
				03D447E122F205CD00F820C9 /* patient infoUITests */,
				03D447BD22F205CA00F820C9 /* Products */,
			);
			sourceTree = "<group>";
		};
		03D447BD22F205CA00F820C9 /* Products */ = {
			isa = PBXGroup;
			children = (
				03D447BC22F205CA00F820C9 /* patient info.app */,
				03D447D322F205CD00F820C9 /* patient infoTests.xctest */,
				03D447DE22F205CD00F820C9 /* patient infoUITests.xctest */,
			);
			name = Products;
			sourceTree = "<group>";
		};
		03D447BE22F205CA00F820C9 /* patient info */ = {
			isa = PBXGroup;
			children = (
				03D447F022F207C000F820C9 /* View Controllers */,
				03D447F522F2084F00F820C9 /* Model */,
				03D4480822F235F700F820C9 /* View */,
				03D447F222F2080400F820C9 /* Network */,
				03D447F122F207EA00F820C9 /* Resources */,
			);
			path = "patient info";
			sourceTree = "<group>";
		};
		03D447D622F205CD00F820C9 /* patient infoTests */ = {
			isa = PBXGroup;
			children = (
				03D447D722F205CD00F820C9 /* patient_infoTests.swift */,
				03D447D922F205CD00F820C9 /* Info.plist */,
			);
			path = "patient infoTests";
			sourceTree = "<group>";
		};
		03D447E122F205CD00F820C9 /* patient infoUITests */ = {
			isa = PBXGroup;
			children = (
				03D447E222F205CD00F820C9 /* patient_infoUITests.swift */,
				03D447E422F205CE00F820C9 /* Info.plist */,
			);
			path = "patient infoUITests";
			sourceTree = "<group>";
		};
		03D447F022F207C000F820C9 /* View Controllers */ = {
			isa = PBXGroup;
			children = (
				03D447C122F205CA00F820C9 /* PatientListViewController.swift */,
			);
			path = "View Controllers";
			sourceTree = "<group>";
		};
		03D447F122F207EA00F820C9 /* Resources */ = {
			isa = PBXGroup;
			children = (
				03D447BF22F205CA00F820C9 /* AppDelegate.swift */,
				03D4480B22F2374400F820C9 /* utility */,
				03D447C922F205CD00F820C9 /* Assets.xcassets */,
				03D447CE22F205CD00F820C9 /* Info.plist */,
			);
			path = Resources;
			sourceTree = "<group>";
		};
		03D447F222F2080400F820C9 /* Network */ = {
			isa = PBXGroup;
			children = (
				03D447F322F2083000F820C9 /* network.swift */,
			);
			path = Network;
			sourceTree = "<group>";
		};
		03D447F522F2084F00F820C9 /* Model */ = {
			isa = PBXGroup;
			children = (
				03D447C622F205CA00F820C9 /* patient_info.xcdatamodeld */,
				03D4480022F2168500F820C9 /* Patient+CoreDataClass.swift */,
				03D4480122F2168500F820C9 /* Patient+CoreDataProperties.swift */,
				03D447F622F20F6000F820C9 /* dataProvider.swift */,
			);
			path = Model;
			sourceTree = "<group>";
		};
		03D4480822F235F700F820C9 /* View */ = {
			isa = PBXGroup;
			children = (
				03D4480922F2362300F820C9 /* PatientCell.swift */,
				03D447CB22F205CD00F820C9 /* LaunchScreen.storyboard */,
			);
			path = View;
			sourceTree = "<group>";
		};
		03D4480B22F2374400F820C9 /* utility */ = {
			isa = PBXGroup;
			children = (
				03D4480C22F2377300F820C9 /* Uiview+extension.swift */,
			);
			path = utility;
			sourceTree = "<group>";
		};
/* End PBXGroup section */

/* Begin PBXNativeTarget section */
		03D447BB22F205CA00F820C9 /* patient info */ = {
			isa = PBXNativeTarget;
			buildConfigurationList = 03D447E722F205CE00F820C9 /* Build configuration list for PBXNativeTarget "patient info" */;
			buildPhases = (
				03D447B822F205CA00F820C9 /* Sources */,
				03D447B922F205CA00F820C9 /* Frameworks */,
				03D447BA22F205CA00F820C9 /* Resources */,
			);
			buildRules = (
			);
			dependencies = (
			);
			name = "patient info";
			productName = "patient info";
			productReference = 03D447BC22F205CA00F820C9 /* patient info.app */;
			productType = "com.apple.product-type.application";
		};
		03D447D222F205CD00F820C9 /* patient infoTests */ = {
			isa = PBXNativeTarget;
			buildConfigurationList = 03D447EA22F205CE00F820C9 /* Build configuration list for PBXNativeTarget "patient infoTests" */;
			buildPhases = (
				03D447CF22F205CD00F820C9 /* Sources */,
				03D447D022F205CD00F820C9 /* Frameworks */,
				03D447D122F205CD00F820C9 /* Resources */,
			);
			buildRules = (
			);
			dependencies = (
				03D447D522F205CD00F820C9 /* PBXTargetDependency */,
			);
			name = "patient infoTests";
			productName = "patient infoTests";
			productReference = 03D447D322F205CD00F820C9 /* patient infoTests.xctest */;
			productType = "com.apple.product-type.bundle.unit-test";
		};
		03D447DD22F205CD00F820C9 /* patient infoUITests */ = {
			isa = PBXNativeTarget;
			buildConfigurationList = 03D447ED22F205CE00F820C9 /* Build configuration list for PBXNativeTarget "patient infoUITests" */;
			buildPhases = (
				03D447DA22F205CD00F820C9 /* Sources */,
				03D447DB22F205CD00F820C9 /* Frameworks */,
				03D447DC22F205CD00F820C9 /* Resources */,
			);
			buildRules = (
			);
			dependencies = (
				03D447E022F205CD00F820C9 /* PBXTargetDependency */,
			);
			name = "patient infoUITests";
			productName = "patient infoUITests";
			productReference = 03D447DE22F205CD00F820C9 /* patient infoUITests.xctest */;
			productType = "com.apple.product-type.bundle.ui-testing";
		};
/* End PBXNativeTarget section */

/* Begin PBXProject section */
		03D447B422F205CA00F820C9 /* Project object */ = {
			isa = PBXProject;
			attributes = {
				LastSwiftUpdateCheck = 1030;
				LastUpgradeCheck = 1030;
				ORGANIZATIONNAME = BeTorchBearer;
				TargetAttributes = {
					03D447BB22F205CA00F820C9 = {
						CreatedOnToolsVersion = 10.3;
						SystemCapabilities = {
							com.apple.BackgroundModes = {
								enabled = 1;
							};
						};
					};
					03D447D222F205CD00F820C9 = {
						CreatedOnToolsVersion = 10.3;
						TestTargetID = 03D447BB22F205CA00F820C9;
					};
					03D447DD22F205CD00F820C9 = {
						CreatedOnToolsVersion = 10.3;
						TestTargetID = 03D447BB22F205CA00F820C9;
					};
				};
			};
			buildConfigurationList = 03D447B722F205CA00F820C9 /* Build configuration list for PBXProject "patient info" */;
			compatibilityVersion = "Xcode 9.3";
			developmentRegion = en;
			hasScannedForEncodings = 0;
			knownRegions = (
				en,
				Base,
			);
			mainGroup = 03D447B322F205CA00F820C9;
			productRefGroup = 03D447BD22F205CA00F820C9 /* Products */;
			projectDirPath = "";
			projectRoot = "";
			targets = (
				03D447BB22F205CA00F820C9 /* patient info */,
				03D447D222F205CD00F820C9 /* patient infoTests */,
				03D447DD22F205CD00F820C9 /* patient infoUITests */,
			);
		};
/* End PBXProject section */

/* Begin PBXResourcesBuildPhase section */
		03D447BA22F205CA00F820C9 /* Resources */ = {
			isa = PBXResourcesBuildPhase;
			buildActionMask = 2147483647;
			files = (
				03D4480422F21CBD00F820C9 /* Info.plist in Resources */,
				03D447CD22F205CD00F820C9 /* LaunchScreen.storyboard in Resources */,
				03D447CA22F205CD00F820C9 /* Assets.xcassets in Resources */,
				03D4480522F21CF200F820C9 /* Info.plist in Resources */,
			);
			runOnlyForDeploymentPostprocessing = 0;
		};
		03D447D122F205CD00F820C9 /* Resources */ = {
			isa = PBXResourcesBuildPhase;
			buildActionMask = 2147483647;
			files = (
			);
			runOnlyForDeploymentPostprocessing = 0;
		};
		03D447DC22F205CD00F820C9 /* Resources */ = {
			isa = PBXResourcesBuildPhase;
			buildActionMask = 2147483647;
			files = (
			);
			runOnlyForDeploymentPostprocessing = 0;
		};
/* End PBXResourcesBuildPhase section */

/* Begin PBXSourcesBuildPhase section */
		03D447B822F205CA00F820C9 /* Sources */ = {
			isa = PBXSourcesBuildPhase;
			buildActionMask = 2147483647;
			files = (
				03D447C222F205CA00F820C9 /* PatientListViewController.swift in Sources */,
				03D4480D22F2377300F820C9 /* Uiview+extension.swift in Sources */,
				03D4480A22F2362300F820C9 /* PatientCell.swift in Sources */,
				03D4480222F2168500F820C9 /* Patient+CoreDataClass.swift in Sources */,
				03D447C022F205CA00F820C9 /* AppDelegate.swift in Sources */,
				03D4480322F2168500F820C9 /* Patient+CoreDataProperties.swift in Sources */,
				03D447F722F20F6000F820C9 /* dataProvider.swift in Sources */,
				03D447F422F2083000F820C9 /* network.swift in Sources */,
				03D447C822F205CA00F820C9 /* patient_info.xcdatamodeld in Sources */,
			);
			runOnlyForDeploymentPostprocessing = 0;
		};
		03D447CF22F205CD00F820C9 /* Sources */ = {
			isa = PBXSourcesBuildPhase;
			buildActionMask = 2147483647;
			files = (
				03D447D822F205CD00F820C9 /* patient_infoTests.swift in Sources */,
			);
			runOnlyForDeploymentPostprocessing = 0;
		};
		03D447DA22F205CD00F820C9 /* Sources */ = {
			isa = PBXSourcesBuildPhase;
			buildActionMask = 2147483647;
			files = (
				03D447E322F205CD00F820C9 /* patient_infoUITests.swift in Sources */,
			);
			runOnlyForDeploymentPostprocessing = 0;
		};
/* End PBXSourcesBuildPhase section */

/* Begin PBXTargetDependency section */
		03D447D522F205CD00F820C9 /* PBXTargetDependency */ = {
			isa = PBXTargetDependency;
			target = 03D447BB22F205CA00F820C9 /* patient info */;
			targetProxy = 03D447D422F205CD00F820C9 /* PBXContainerItemProxy */;
		};
		03D447E022F205CD00F820C9 /* PBXTargetDependency */ = {
			isa = PBXTargetDependency;
			target = 03D447BB22F205CA00F820C9 /* patient info */;
			targetProxy = 03D447DF22F205CD00F820C9 /* PBXContainerItemProxy */;
		};
/* End PBXTargetDependency section */

/* Begin PBXVariantGroup section */
		03D447CB22F205CD00F820C9 /* LaunchScreen.storyboard */ = {
			isa = PBXVariantGroup;
			children = (
				03D447CC22F205CD00F820C9 /* Base */,
			);
			name = LaunchScreen.storyboard;
			sourceTree = "<group>";
		};
/* End PBXVariantGroup section */

/* Begin XCBuildConfiguration section */
		03D447E522F205CE00F820C9 /* Debug */ = {
			isa = XCBuildConfiguration;
			buildSettings = {
				ALWAYS_SEARCH_USER_PATHS = NO;
				CLANG_ANALYZER_NONNULL = YES;
				CLANG_ANALYZER_NUMBER_OBJECT_CONVERSION = YES_AGGRESSIVE;
				CLANG_CXX_LANGUAGE_STANDARD = "gnu++14";
				CLANG_CXX_LIBRARY = "libc++";
				CLANG_ENABLE_MODULES = YES;
				CLANG_ENABLE_OBJC_ARC = YES;
				CLANG_ENABLE_OBJC_WEAK = YES;
				CLANG_WARN_BLOCK_CAPTURE_AUTORELEASING = YES;
				CLANG_WARN_BOOL_CONVERSION = YES;
				CLANG_WARN_COMMA = YES;
				CLANG_WARN_CONSTANT_CONVERSION = YES;
				CLANG_WARN_DEPRECATED_OBJC_IMPLEMENTATIONS = YES;
				CLANG_WARN_DIRECT_OBJC_ISA_USAGE = YES_ERROR;
				CLANG_WARN_DOCUMENTATION_COMMENTS = YES;
				CLANG_WARN_EMPTY_BODY = YES;
				CLANG_WARN_ENUM_CONVERSION = YES;
				CLANG_WARN_INFINITE_RECURSION = YES;
				CLANG_WARN_INT_CONVERSION = YES;
				CLANG_WARN_NON_LITERAL_NULL_CONVERSION = YES;
				CLANG_WARN_OBJC_IMPLICIT_RETAIN_SELF = YES;
				CLANG_WARN_OBJC_LITERAL_CONVERSION = YES;
				CLANG_WARN_OBJC_ROOT_CLASS = YES_ERROR;
				CLANG_WARN_RANGE_LOOP_ANALYSIS = YES;
				CLANG_WARN_STRICT_PROTOTYPES = YES;
				CLANG_WARN_SUSPICIOUS_MOVE = YES;
				CLANG_WARN_UNGUARDED_AVAILABILITY = YES_AGGRESSIVE;
				CLANG_WARN_UNREACHABLE_CODE = YES;
				CLANG_WARN__DUPLICATE_METHOD_MATCH = YES;
				CODE_SIGN_IDENTITY = "iPhone Developer";
				COPY_PHASE_STRIP = NO;
				DEBUG_INFORMATION_FORMAT = dwarf;
				ENABLE_STRICT_OBJC_MSGSEND = YES;
				ENABLE_TESTABILITY = YES;
				GCC_C_LANGUAGE_STANDARD = gnu11;
				GCC_DYNAMIC_NO_PIC = NO;
				GCC_NO_COMMON_BLOCKS = YES;
				GCC_OPTIMIZATION_LEVEL = 0;
				GCC_PREPROCESSOR_DEFINITIONS = (
					"DEBUG=1",
					"$(inherited)",
				);
				GCC_WARN_64_TO_32_BIT_CONVERSION = YES;
				GCC_WARN_ABOUT_RETURN_TYPE = YES_ERROR;
				GCC_WARN_UNDECLARED_SELECTOR = YES;
				GCC_WARN_UNINITIALIZED_AUTOS = YES_AGGRESSIVE;
				GCC_WARN_UNUSED_FUNCTION = YES;
				GCC_WARN_UNUSED_VARIABLE = YES;
				INFOPLIST_FILE = "patient info/Info.plist";
				IPHONEOS_DEPLOYMENT_TARGET = 12.4;
				MTL_ENABLE_DEBUG_INFO = INCLUDE_SOURCE;
				MTL_FAST_MATH = YES;
				ONLY_ACTIVE_ARCH = YES;
				SDKROOT = iphoneos;
				SWIFT_ACTIVE_COMPILATION_CONDITIONS = DEBUG;
				SWIFT_OPTIMIZATION_LEVEL = "-Onone";
			};
			name = Debug;
		};
		03D447E622F205CE00F820C9 /* Release */ = {
			isa = XCBuildConfiguration;
			buildSettings = {
				ALWAYS_SEARCH_USER_PATHS = NO;
				CLANG_ANALYZER_NONNULL = YES;
				CLANG_ANALYZER_NUMBER_OBJECT_CONVERSION = YES_AGGRESSIVE;
				CLANG_CXX_LANGUAGE_STANDARD = "gnu++14";
				CLANG_CXX_LIBRARY = "libc++";
				CLANG_ENABLE_MODULES = YES;
				CLANG_ENABLE_OBJC_ARC = YES;
				CLANG_ENABLE_OBJC_WEAK = YES;
				CLANG_WARN_BLOCK_CAPTURE_AUTORELEASING = YES;
				CLANG_WARN_BOOL_CONVERSION = YES;
				CLANG_WARN_COMMA = YES;
				CLANG_WARN_CONSTANT_CONVERSION = YES;
				CLANG_WARN_DEPRECATED_OBJC_IMPLEMENTATIONS = YES;
				CLANG_WARN_DIRECT_OBJC_ISA_USAGE = YES_ERROR;
				CLANG_WARN_DOCUMENTATION_COMMENTS = YES;
				CLANG_WARN_EMPTY_BODY = YES;
				CLANG_WARN_ENUM_CONVERSION = YES;
				CLANG_WARN_INFINITE_RECURSION = YES;
				CLANG_WARN_INT_CONVERSION = YES;
				CLANG_WARN_NON_LITERAL_NULL_CONVERSION = YES;
				CLANG_WARN_OBJC_IMPLICIT_RETAIN_SELF = YES;
				CLANG_WARN_OBJC_LITERAL_CONVERSION = YES;
				CLANG_WARN_OBJC_ROOT_CLASS = YES_ERROR;
				CLANG_WARN_RANGE_LOOP_ANALYSIS = YES;
				CLANG_WARN_STRICT_PROTOTYPES = YES;
				CLANG_WARN_SUSPICIOUS_MOVE = YES;
				CLANG_WARN_UNGUARDED_AVAILABILITY = YES_AGGRESSIVE;
				CLANG_WARN_UNREACHABLE_CODE = YES;
				CLANG_WARN__DUPLICATE_METHOD_MATCH = YES;
				CODE_SIGN_IDENTITY = "iPhone Developer";
				COPY_PHASE_STRIP = NO;
				DEBUG_INFORMATION_FORMAT = "dwarf-with-dsym";
				ENABLE_NS_ASSERTIONS = NO;
				ENABLE_STRICT_OBJC_MSGSEND = YES;
				GCC_C_LANGUAGE_STANDARD = gnu11;
				GCC_NO_COMMON_BLOCKS = YES;
				GCC_WARN_64_TO_32_BIT_CONVERSION = YES;
				GCC_WARN_ABOUT_RETURN_TYPE = YES_ERROR;
				GCC_WARN_UNDECLARED_SELECTOR = YES;
				GCC_WARN_UNINITIALIZED_AUTOS = YES_AGGRESSIVE;
				GCC_WARN_UNUSED_FUNCTION = YES;
				GCC_WARN_UNUSED_VARIABLE = YES;
				INFOPLIST_FILE = "patient info/Info.plist";
				IPHONEOS_DEPLOYMENT_TARGET = 12.4;
				MTL_ENABLE_DEBUG_INFO = NO;
				MTL_FAST_MATH = YES;
				SDKROOT = iphoneos;
				SWIFT_COMPILATION_MODE = wholemodule;
				SWIFT_OPTIMIZATION_LEVEL = "-O";
				VALIDATE_PRODUCT = YES;
			};
			name = Release;
		};
		03D447E822F205CE00F820C9 /* Debug */ = {
			isa = XCBuildConfiguration;
			buildSettings = {
				ASSETCATALOG_COMPILER_APPICON_NAME = AppIcon;
				CODE_SIGN_STYLE = Automatic;
				DEVELOPMENT_TEAM = TYY6889HSV;
				INFOPLIST_FILE = "$(SRCROOT)/patient info/Resources/Info.plist";
				IPHONEOS_DEPLOYMENT_TARGET = 12.0;
				LD_RUNPATH_SEARCH_PATHS = (
					"$(inherited)",
					"@executable_path/Frameworks",
				);
				PRODUCT_BUNDLE_IDENTIFIER = "com.patientDetails.beTorchBearer.patient-info";
				PRODUCT_NAME = "$(TARGET_NAME)";
				SWIFT_VERSION = 5.0;
				TARGETED_DEVICE_FAMILY = 1;
			};
			name = Debug;
		};
		03D447E922F205CE00F820C9 /* Release */ = {
			isa = XCBuildConfiguration;
			buildSettings = {
				ASSETCATALOG_COMPILER_APPICON_NAME = AppIcon;
				CODE_SIGN_STYLE = Automatic;
				DEVELOPMENT_TEAM = TYY6889HSV;
				INFOPLIST_FILE = "$(SRCROOT)/patient info/Resources/Info.plist";
				IPHONEOS_DEPLOYMENT_TARGET = 12.0;
				LD_RUNPATH_SEARCH_PATHS = (
					"$(inherited)",
					"@executable_path/Frameworks",
				);
				PRODUCT_BUNDLE_IDENTIFIER = "com.patientDetails.beTorchBearer.patient-info";
				PRODUCT_NAME = "$(TARGET_NAME)";
				SWIFT_VERSION = 5.0;
				TARGETED_DEVICE_FAMILY = 1;
			};
			name = Release;
		};
		03D447EB22F205CE00F820C9 /* Debug */ = {
			isa = XCBuildConfiguration;
			buildSettings = {
				ALWAYS_EMBED_SWIFT_STANDARD_LIBRARIES = YES;
				BUNDLE_LOADER = "$(TEST_HOST)";
				CODE_SIGN_STYLE = Automatic;
				DEVELOPMENT_TEAM = TYY6889HSV;
				INFOPLIST_FILE = "patient infoTests/Info.plist";
				LD_RUNPATH_SEARCH_PATHS = (
					"$(inherited)",
					"@executable_path/Frameworks",
					"@loader_path/Frameworks",
				);
				PRODUCT_BUNDLE_IDENTIFIER = "com.patientDetails.beTorchBearer.patient-infoTests";
				PRODUCT_NAME = "$(TARGET_NAME)";
				SWIFT_VERSION = 5.0;
				TARGETED_DEVICE_FAMILY = "1,2";
				TEST_HOST = "$(BUILT_PRODUCTS_DIR)/patient info.app/patient info";
			};
			name = Debug;
		};
		03D447EC22F205CE00F820C9 /* Release */ = {
			isa = XCBuildConfiguration;
			buildSettings = {
				ALWAYS_EMBED_SWIFT_STANDARD_LIBRARIES = YES;
				BUNDLE_LOADER = "$(TEST_HOST)";
				CODE_SIGN_STYLE = Automatic;
				DEVELOPMENT_TEAM = TYY6889HSV;
				INFOPLIST_FILE = "patient infoTests/Info.plist";
				LD_RUNPATH_SEARCH_PATHS = (
					"$(inherited)",
					"@executable_path/Frameworks",
					"@loader_path/Frameworks",
				);
				PRODUCT_BUNDLE_IDENTIFIER = "com.patientDetails.beTorchBearer.patient-infoTests";
				PRODUCT_NAME = "$(TARGET_NAME)";
				SWIFT_VERSION = 5.0;
				TARGETED_DEVICE_FAMILY = "1,2";
				TEST_HOST = "$(BUILT_PRODUCTS_DIR)/patient info.app/patient info";
			};
			name = Release;
		};
		03D447EE22F205CE00F820C9 /* Debug */ = {
			isa = XCBuildConfiguration;
			buildSettings = {
				ALWAYS_EMBED_SWIFT_STANDARD_LIBRARIES = YES;
				CODE_SIGN_STYLE = Automatic;
				DEVELOPMENT_TEAM = TYY6889HSV;
				INFOPLIST_FILE = "patient infoUITests/Info.plist";
				LD_RUNPATH_SEARCH_PATHS = (
					"$(inherited)",
					"@executable_path/Frameworks",
					"@loader_path/Frameworks",
				);
				PRODUCT_BUNDLE_IDENTIFIER = "com.patientDetails.beTorchBearer.patient-infoUITests";
				PRODUCT_NAME = "$(TARGET_NAME)";
				SWIFT_VERSION = 5.0;
				TARGETED_DEVICE_FAMILY = "1,2";
				TEST_TARGET_NAME = "patient info";
			};
			name = Debug;
		};
		03D447EF22F205CE00F820C9 /* Release */ = {
			isa = XCBuildConfiguration;
			buildSettings = {
				ALWAYS_EMBED_SWIFT_STANDARD_LIBRARIES = YES;
				CODE_SIGN_STYLE = Automatic;
				DEVELOPMENT_TEAM = TYY6889HSV;
				INFOPLIST_FILE = "patient infoUITests/Info.plist";
				LD_RUNPATH_SEARCH_PATHS = (
					"$(inherited)",
					"@executable_path/Frameworks",
					"@loader_path/Frameworks",
				);
				PRODUCT_BUNDLE_IDENTIFIER = "com.patientDetails.beTorchBearer.patient-infoUITests";
				PRODUCT_NAME = "$(TARGET_NAME)";
				SWIFT_VERSION = 5.0;
				TARGETED_DEVICE_FAMILY = "1,2";
				TEST_TARGET_NAME = "patient info";
			};
			name = Release;
		};
/* End XCBuildConfiguration section */

/* Begin XCConfigurationList section */
		03D447B722F205CA00F820C9 /* Build configuration list for PBXProject "patient info" */ = {
			isa = XCConfigurationList;
			buildConfigurations = (
				03D447E522F205CE00F820C9 /* Debug */,
				03D447E622F205CE00F820C9 /* Release */,
			);
			defaultConfigurationIsVisible = 0;
			defaultConfigurationName = Release;
		};
		03D447E722F205CE00F820C9 /* Build configuration list for PBXNativeTarget "patient info" */ = {
			isa = XCConfigurationList;
			buildConfigurations = (
				03D447E822F205CE00F820C9 /* Debug */,
				03D447E922F205CE00F820C9 /* Release */,
			);
			defaultConfigurationIsVisible = 0;
			defaultConfigurationName = Release;
		};
		03D447EA22F205CE00F820C9 /* Build configuration list for PBXNativeTarget "patient infoTests" */ = {
			isa = XCConfigurationList;
			buildConfigurations = (
				03D447EB22F205CE00F820C9 /* Debug */,
				03D447EC22F205CE00F820C9 /* Release */,
			);
			defaultConfigurationIsVisible = 0;
			defaultConfigurationName = Release;
		};
		03D447ED22F205CE00F820C9 /* Build configuration list for PBXNativeTarget "patient infoUITests" */ = {
			isa = XCConfigurationList;
			buildConfigurations = (
				03D447EE22F205CE00F820C9 /* Debug */,
				03D447EF22F205CE00F820C9 /* Release */,
			);
			defaultConfigurationIsVisible = 0;
			defaultConfigurationName = Release;
		};
/* End XCConfigurationList section */

/* Begin XCVersionGroup section */
		03D447C622F205CA00F820C9 /* patient_info.xcdatamodeld */ = {
			isa = XCVersionGroup;
			children = (
				03D447C722F205CA00F820C9 /* patient_info.xcdatamodel */,
			);
			currentVersion = 03D447C722F205CA00F820C9 /* patient_info.xcdatamodel */;
			path = patient_info.xcdatamodeld;
			sourceTree = "<group>";
			versionGroupType = wrapper.xcdatamodel;
		};
/* End XCVersionGroup section */
	};
	rootObject = 03D447B422F205CA00F820C9 /* Project object */;
}
